PODS:
  - CCBottomRefreshControl (0.4):
    - Masonry
  - Masonry (0.6.1)
  - UIView+TKGeometry (0.2)

DEPENDENCIES:
  - CCBottomRefreshControl (from `../`)
  - UIView+TKGeometry

EXTERNAL SOURCES:
  CCBottomRefreshControl:
    :path: ../

SPEC CHECKSUMS:
  CCBottomRefreshControl: 82c359e0c3717c54d614f4ead994e3659db15a11
  Masonry: 2cb49fd14d203d2db5ca6bb017135b235dde9980
  UIView+TKGeometry: 60a88dcf2af8420175cb1c789a02d6254ebb89a7

COCOAPODS: 0.34.4
